
Microsoft Visual Studio Solution File, Format Version 12.00
# Visual Studio Version 16
VisualStudioVersion = 16.0.32228.343
MinimumVisualStudioVersion = 10.0.40219.1
Project("{8BC9CEB8-8B4A-11D0-8D11-00A0C91BC942}") = "shift-cipher", "shift-cipher\shift-cipher.vcxproj", "{536605F0-5D1B-4282-AE86-4A1A3013EFF7}"
EndProject
Project("{8BC9CEB8-8B4A-11D0-8D11-00A0C91BC942}") = "substitute-cipher", "substitute-cipher\substitute-cipher.vcxproj", "{EC689773-9755-4360-82B6-0E0C216E631C}"
EndProject
Project("{8BC9CEB8-8B4A-11D0-8D11-00A0C91BC942}") = "sub-ratio", "sub-ratio\sub-ratio.vcxproj", "{4ABD901D-FAB8-42C8-9BAD-2946714587CE}"
EndProject
Project("{8BC9CEB8-8B4A-11D0-8D11-00A0C91BC942}") = "sub-translator", "sub-translator\sub-translator.vcxproj", "{134BC7C7-9353-4D43-8417-4B67C400D602}"
EndProject
Global
	GlobalSection(SolutionConfigurationPlatforms) = preSolution
		Debug|x64 = Debug|x64
		Debug|x86 = Debug|x86
		Release|x64 = Release|x64
		Release|x86 = Release|x86
	EndGlobalSection
	GlobalSection(ProjectConfigurationPlatforms) = postSolution
		{536605F0-5D1B-4282-AE86-4A1A3013EFF7}.Debug|x64.ActiveCfg = Debug|x64
		{536605F0-5D1B-4282-AE86-4A1A3013EFF7}.Debug|x64.Build.0 = Debug|x64
		{536605F0-5D1B-4282-AE86-4A1A3013EFF7}.Debug|x86.ActiveCfg = Debug|Win32
		{536605F0-5D1B-4282-AE86-4A1A3013EFF7}.Debug|x86.Build.0 = Debug|Win32
		{536605F0-5D1B-4282-AE86-4A1A3013EFF7}.Release|x64.ActiveCfg = Release|x64
		{536605F0-5D1B-4282-AE86-4A1A3013EFF7}.Release|x64.Build.0 = Release|x64
		{536605F0-5D1B-4282-AE86-4A1A3013EFF7}.Release|x86.ActiveCfg = Release|Win32
		{536605F0-5D1B-4282-AE86-4A1A3013EFF7}.Release|x86.Build.0 = Release|Win32
		{EC689773-9755-4360-82B6-0E0C216E631C}.Debug|x64.ActiveCfg = Debug|x64
		{EC689773-9755-4360-82B6-0E0C216E631C}.Debug|x64.Build.0 = Debug|x64
		{EC689773-9755-4360-82B6-0E0C216E631C}.Debug|x86.ActiveCfg = Debug|Win32
		{EC689773-9755-4360-82B6-0E0C216E631C}.Debug|x86.Build.0 = Debug|Win32
		{EC689773-9755-4360-82B6-0E0C216E631C}.Release|x64.ActiveCfg = Release|x64
		{EC689773-9755-4360-82B6-0E0C216E631C}.Release|x64.Build.0 = Release|x64
		{EC689773-9755-4360-82B6-0E0C216E631C}.Release|x86.ActiveCfg = Release|Win32
		{EC689773-9755-4360-82B6-0E0C216E631C}.Release|x86.Build.0 = Release|Win32
		{4ABD901D-FAB8-42C8-9BAD-2946714587CE}.Debug|x64.ActiveCfg = Debug|x64
		{4ABD901D-FAB8-42C8-9BAD-2946714587CE}.Debug|x64.Build.0 = Debug|x64
		{4ABD901D-FAB8-42C8-9BAD-2946714587CE}.Debug|x86.ActiveCfg = Debug|Win32
		{4ABD901D-FAB8-42C8-9BAD-2946714587CE}.Debug|x86.Build.0 = Debug|Win32
		{4ABD901D-FAB8-42C8-9BAD-2946714587CE}.Release|x64.ActiveCfg = Release|x64
		{4ABD901D-FAB8-42C8-9BAD-2946714587CE}.Release|x64.Build.0 = Release|x64
		{4ABD901D-FAB8-42C8-9BAD-2946714587CE}.Release|x86.ActiveCfg = Release|Win32
		{4ABD901D-FAB8-42C8-9BAD-2946714587CE}.Release|x86.Build.0 = Release|Win32
		{134BC7C7-9353-4D43-8417-4B67C400D602}.Debug|x64.ActiveCfg = Debug|x64
		{134BC7C7-9353-4D43-8417-4B67C400D602}.Debug|x64.Build.0 = Debug|x64
		{134BC7C7-9353-4D43-8417-4B67C400D602}.Debug|x86.ActiveCfg = Debug|Win32
		{134BC7C7-9353-4D43-8417-4B67C400D602}.Debug|x86.Build.0 = Debug|Win32
		{134BC7C7-9353-4D43-8417-4B67C400D602}.Release|x64.ActiveCfg = Release|x64
		{134BC7C7-9353-4D43-8417-4B67C400D602}.Release|x64.Build.0 = Release|x64
		{134BC7C7-9353-4D43-8417-4B67C400D602}.Release|x86.ActiveCfg = Release|Win32
		{134BC7C7-9353-4D43-8417-4B67C400D602}.Release|x86.Build.0 = Release|Win32
	EndGlobalSection
	GlobalSection(SolutionProperties) = preSolution
		HideSolutionNode = FALSE
	EndGlobalSection
	GlobalSection(ExtensibilityGlobals) = postSolution
		SolutionGuid = {F3BA2749-403B-41DA-91EC-38566FAEB91F}
	EndGlobalSection
EndGlobal
